<?xml version="1.0" encoding="utf-8"?>
<Project ToolsVersion="17.0" xmlns="http://schemas.microsoft.com/developer/msbuild/2003">
  <ItemGroup>
    <ClCompile Include="G:\Git\xye\FourQlib\FourQ_64bit_and_portable\crypto_util.c">
      <Filter>Source Files</Filter>
    </ClCompile>
    <ClCompile Include="G:\Git\xye\FourQlib\FourQ_64bit_and_portable\eccp2.c">
      <Filter>Source Files</Filter>
    </ClCompile>
    <ClCompile Include="G:\Git\xye\FourQlib\FourQ_64bit_and_portable\eccp2_core.c">
      <Filter>Source Files</Filter>
    </ClCompile>
    <ClCompile Include="G:\Git\xye\FourQlib\FourQ_64bit_and_portable\eccp2_no_endo.c">
      <Filter>Source Files</Filter>
    </ClCompile>
    <ClCompile Include="G:\Git\xye\FourQlib\FourQ_64bit_and_portable\hash_to_curve.c">
      <Filter>Source Files</Filter>
    </ClCompile>
    <ClCompile Include="G:\Git\xye\FourQlib\FourQ_64bit_and_portable\kex.c">
      <Filter>Source Files</Filter>
    </ClCompile>
    <ClCompile Include="G:\Git\xye\FourQlib\FourQ_64bit_and_portable\schnorrq.c">
      <Filter>Source Files</Filter>
    </ClCompile>
    <ClCompile Include="G:\Git\xye\FourQlib\FourQ_64bit_and_portable\AMD64\consts.c">
      <Filter>Source Files</Filter>
    </ClCompile>
  </ItemGroup>
  <ItemGroup>
    <ClInclude Include="G:\Git\xye\FourQlib\FourQ_64bit_and_portable\FourQ.h">
      <Filter>Header Files</Filter>
    </ClInclude>
    <ClInclude Include="G:\Git\xye\FourQlib\FourQ_64bit_and_portable\FourQ_api.h">
      <Filter>Header Files</Filter>
    </ClInclude>
    <ClInclude Include="G:\Git\xye\FourQlib\FourQ_64bit_and_portable\FourQ_internal.h">
      <Filter>Header Files</Filter>
    </ClInclude>
    <ClInclude Include="G:\Git\xye\FourQlib\FourQ_64bit_and_portable\FourQ_params.h">
      <Filter>Header Files</Filter>
    </ClInclude>
    <ClInclude Include="G:\Git\xye\FourQlib\FourQ_64bit_and_portable\FourQ_tables.h">
      <Filter>Header Files</Filter>
    </ClInclude>
    <ClInclude Include="G:\Git\xye\FourQlib\FourQ_64bit_and_portable\table_lookup.h">
      <Filter>Header Files</Filter>
    </ClInclude>
    <ClInclude Include="G:\Git\xye\FourQlib\FourQ_64bit_and_portable\AMD64\fp_x64.h">
      <Filter>Header Files</Filter>
    </ClInclude>
  </ItemGroup>
  <ItemGroup>
    <CustomBuild Include="G:\Git\xye\FourQlib\FourQ_64bit_and_portable\CMakeLists.txt" />
  </ItemGroup>
  <ItemGroup>
    <None Include="G:\Git\xye\FourQlib\FourQ_64bit_and_portable\Sources.cmake" />
    <None Include="G:\Git\xye\FourQlib\FourQ_64bit_and_portable\AMD64\fp2_1271_AVX2.S" />
    <None Include="G:\Git\xye\FourQlib\FourQ_64bit_and_portable\AMD64\fp2_1271.S" />
  </ItemGroup>
  <ItemGroup>
    <Filter Include="Header Files">
      <UniqueIdentifier>{7B315BFF-DB93-3B9C-9579-8ACEC06026A8}</UniqueIdentifier>
    </Filter>
    <Filter Include="Source Files">
      <UniqueIdentifier>{239B1881-D225-3EE3-BC7D-95A1C3AF392D}</UniqueIdentifier>
    </Filter>
  </ItemGroup>
</Project>
